
Microsoft Visual Studio Solution File, Format Version 12.00
# Visual Studio Version 17
VisualStudioVersion = 17.12.35527.113 d17.12
MinimumVisualStudioVersion = 10.0.40219.1
Project("{FAE04EC0-301F-11D3-BF4B-00C04F79EFBC}") = "ApiGateway", "ApiGateway\ApiGateway.csproj", "{972421AE-3F40-45DD-B069-BD8BE3186065}"
EndProject
Project("{FAE04EC0-301F-11D3-BF4B-00C04F79EFBC}") = "GrowerService", "GrowerService\GrowerService.csproj", "{05F3A32B-5319-4803-B0FC-692FDD334AEF}"
EndProject
Project("{FAE04EC0-301F-11D3-BF4B-00C04F79EFBC}") = "StationService", "StationService\StationService.csproj", "{E88CCE74-91C4-4CB6-9678-E3AE76EF8A25}"
EndProject
Project("{FAE04EC0-301F-11D3-BF4B-00C04F79EFBC}") = "MultiTenantStripeAPI", "MultiTenantStripeAPI\MultiTenantStripeAPI.csproj", "{13019713-7B97-43ED-B230-4B5127242EAC}"
EndProject
Project("{FAE04EC0-301F-11D3-BF4B-00C04F79EFBC}") = "MessagerService", "MessagerService\MessagerService.csproj", "{ADED214F-AD9F-4F87-98C4-BD33C9AC42A7}"
EndProject
Global
	GlobalSection(SolutionConfigurationPlatforms) = preSolution
		Debug|Any CPU = Debug|Any CPU
		Release|Any CPU = Release|Any CPU
	EndGlobalSection
	GlobalSection(ProjectConfigurationPlatforms) = postSolution
		{972421AE-3F40-45DD-B069-BD8BE3186065}.Debug|Any CPU.ActiveCfg = Debug|Any CPU
		{972421AE-3F40-45DD-B069-BD8BE3186065}.Debug|Any CPU.Build.0 = Debug|Any CPU
		{972421AE-3F40-45DD-B069-BD8BE3186065}.Release|Any CPU.ActiveCfg = Release|Any CPU
		{972421AE-3F40-45DD-B069-BD8BE3186065}.Release|Any CPU.Build.0 = Release|Any CPU
		{05F3A32B-5319-4803-B0FC-692FDD334AEF}.Debug|Any CPU.ActiveCfg = Debug|Any CPU
		{05F3A32B-5319-4803-B0FC-692FDD334AEF}.Debug|Any CPU.Build.0 = Debug|Any CPU
		{05F3A32B-5319-4803-B0FC-692FDD334AEF}.Release|Any CPU.ActiveCfg = Release|Any CPU
		{05F3A32B-5319-4803-B0FC-692FDD334AEF}.Release|Any CPU.Build.0 = Release|Any CPU
		{E88CCE74-91C4-4CB6-9678-E3AE76EF8A25}.Debug|Any CPU.ActiveCfg = Debug|Any CPU
		{E88CCE74-91C4-4CB6-9678-E3AE76EF8A25}.Debug|Any CPU.Build.0 = Debug|Any CPU
		{E88CCE74-91C4-4CB6-9678-E3AE76EF8A25}.Release|Any CPU.ActiveCfg = Release|Any CPU
		{E88CCE74-91C4-4CB6-9678-E3AE76EF8A25}.Release|Any CPU.Build.0 = Release|Any CPU
		{BD62F869-689A-45BA-AB43-AC0FADD03BD6}.Debug|Any CPU.ActiveCfg = Debug|Any CPU
		{BD62F869-689A-45BA-AB43-AC0FADD03BD6}.Debug|Any CPU.Build.0 = Debug|Any CPU
		{BD62F869-689A-45BA-AB43-AC0FADD03BD6}.Release|Any CPU.ActiveCfg = Release|Any CPU
		{BD62F869-689A-45BA-AB43-AC0FADD03BD6}.Release|Any CPU.Build.0 = Release|Any CPU
		{13019713-7B97-43ED-B230-4B5127242EAC}.Debug|Any CPU.ActiveCfg = Debug|Any CPU
		{13019713-7B97-43ED-B230-4B5127242EAC}.Debug|Any CPU.Build.0 = Debug|Any CPU
		{13019713-7B97-43ED-B230-4B5127242EAC}.Release|Any CPU.ActiveCfg = Release|Any CPU
		{13019713-7B97-43ED-B230-4B5127242EAC}.Release|Any CPU.Build.0 = Release|Any CPU
		{ADED214F-AD9F-4F87-98C4-BD33C9AC42A7}.Debug|Any CPU.ActiveCfg = Debug|Any CPU
		{ADED214F-AD9F-4F87-98C4-BD33C9AC42A7}.Debug|Any CPU.Build.0 = Debug|Any CPU
		{ADED214F-AD9F-4F87-98C4-BD33C9AC42A7}.Release|Any CPU.ActiveCfg = Release|Any CPU
		{ADED214F-AD9F-4F87-98C4-BD33C9AC42A7}.Release|Any CPU.Build.0 = Release|Any CPU
	EndGlobalSection
	GlobalSection(SolutionProperties) = preSolution
		HideSolutionNode = FALSE
	EndGlobalSection
EndGlobal
